Microsoft Visual Studio Solution File, Format Version 11.00
# Visual Studio 2008

Project("{EAA2AE72-9753-F4AB-33C8-7C7C43269947}") = "BattleGlobz", "Assembly-CSharp-vs.csproj", "{FA93899D-7818-ACAF-8245-EE26E3B47A60}"
EndProject
Project("{EAA2AE72-9753-F4AB-33C8-7C7C43269947}") = "BattleGlobz", "Assembly-CSharp-Editor-vs.csproj", "{684E5CFB-F9B1-12FB-5C24-03A32D97C5AB}"
EndProject
Global
	GlobalSection(SolutionConfigurationPlatforms) = preSolution
		Debug|Any CPU = Debug|Any CPU
		Release|Any CPU = Release|Any CPU
	EndGlobalSection
	GlobalSection(ProjectConfigurationPlatforms) = postSolution
		{FA93899D-7818-ACAF-8245-EE26E3B47A60}.Debug|Any CPU.ActiveCfg = Debug|Any CPU
		{FA93899D-7818-ACAF-8245-EE26E3B47A60}.Debug|Any CPU.Build.0 = Debug|Any CPU
		{FA93899D-7818-ACAF-8245-EE26E3B47A60}.Release|Any CPU.ActiveCfg = Release|Any CPU
		{FA93899D-7818-ACAF-8245-EE26E3B47A60}.Release|Any CPU.Build.0 = Release|Any CPU
		{684E5CFB-F9B1-12FB-5C24-03A32D97C5AB}.Debug|Any CPU.ActiveCfg = Debug|Any CPU
		{684E5CFB-F9B1-12FB-5C24-03A32D97C5AB}.Debug|Any CPU.Build.0 = Debug|Any CPU
		{684E5CFB-F9B1-12FB-5C24-03A32D97C5AB}.Release|Any CPU.ActiveCfg = Release|Any CPU
		{684E5CFB-F9B1-12FB-5C24-03A32D97C5AB}.Release|Any CPU.Build.0 = Release|Any CPU
	EndGlobalSection
	GlobalSection(SolutionProperties) = preSolution
		HideSolutionNode = FALSE
	EndGlobalSection
																																																																																															GlobalSection(MonoDevelopProperties) = preSolution
=======
																																													GlobalSection(MonoDevelopProperties) = preSolution
=======
																																													GlobalSection(MonoDevelopProperties) = preSolution
=======
																																													GlobalSection(MonoDevelopProperties) = preSolution
>>>>>>> JakeScatter
=======
																																													GlobalSection(MonoDevelopProperties) = preSolution
=======
																																													GlobalSection(MonoDevelopProperties) = preSolution
>>>>>>> Alex
>>>>>>> AlexBranch
		StartupItem = Assembly-CSharp.csproj
		Policies = $0
		$0.TextStylePolicy = $1
		$1.inheritsSet = null
		$1.scope = text/x-csharp
		$0.CSharpFormattingPolicy = $2
		$2.inheritsSet = Mono
		$2.inheritsScope = text/x-csharp
		$2.scope = text/x-csharp
		$0.TextStylePolicy = $3
		$3.FileWidth = 120
		$3.TabWidth = 4
		$3.IndentWidth = 4
		$3.EolMarker = Unix
		$3.inheritsSet = Mono
		$3.inheritsScope = text/plain
		$3.scope = text/plain
	EndGlobalSection

EndGlobal
